<?xml version="1.0" encoding="utf-8"?>
<Project ToolsVersion="4.0" xmlns="http://schemas.microsoft.com/developer/msbuild/2003">
  <ItemGroup>
    <Filter Include="src">
      <UniqueIdentifier>{2DAB880B-99B4-887C-2230-9F7C8E38947C}</UniqueIdentifier>
    </Filter>
    <Filter Include="src\systems">
      <UniqueIdentifier>{547605C4-C02B-7EB9-4920-7890B5D474BD}</UniqueIdentifier>
    </Filter>
    <Filter Include="vendor">
      <UniqueIdentifier>{B3738122-9F15-ACF8-88D0-BF4C74113349}</UniqueIdentifier>
    </Filter>
    <Filter Include="vendor\flecs">
      <UniqueIdentifier>{AF5A99F0-9BBD-2895-4443-614B3085F417}</UniqueIdentifier>
    </Filter>
    <Filter Include="vendor\imgui">
      <UniqueIdentifier>{5D3BD0F0-499E-5F95-F223-984BDE652B18}</UniqueIdentifier>
    </Filter>
    <Filter Include="vendor\imgui\backends">
      <UniqueIdentifier>{27CEAEAF-933A-6AAA-5C2E-0208C8598C12}</UniqueIdentifier>
    </Filter>
    <Filter Include="vendor\stb">
      <UniqueIdentifier>{8BD3C5A8-778B-07F6-E092-E051CC69A2E6}</UniqueIdentifier>
    </Filter>
    <Filter Include="vendor">
      <UniqueIdentifier>{B3738122-9F15-ACF8-88D0-BF4C74113349}</UniqueIdentifier>
    </Filter>
    <Filter Include="vendor\Glad">
      <UniqueIdentifier>{7A0268C1-E6B7-E0B6-6FAC-DA8DDB60D7BA}</UniqueIdentifier>
    </Filter>
  </ItemGroup>
  <ItemGroup>
    <ClInclude Include="..\vendor\flecs\flecs.h">
      <Filter>vendor\flecs</Filter>
    </ClInclude>
    <ClInclude Include="..\vendor\imgui\backends\imgui_impl_opengl3.h">
      <Filter>vendor\imgui\backends</Filter>
    </ClInclude>
    <ClInclude Include="..\vendor\imgui\backends\imgui_impl_opengl3_loader.h">
      <Filter>vendor\imgui\backends</Filter>
    </ClInclude>
    <ClInclude Include="..\vendor\imgui\backends\imgui_impl_sdl2.h">
      <Filter>vendor\imgui\backends</Filter>
    </ClInclude>
    <ClInclude Include="..\vendor\imgui\imconfig.h">
      <Filter>vendor\imgui</Filter>
    </ClInclude>
    <ClInclude Include="..\vendor\imgui\imgui.h">
      <Filter>vendor\imgui</Filter>
    </ClInclude>
    <ClInclude Include="..\vendor\imgui\imgui_internal.h">
      <Filter>vendor\imgui</Filter>
    </ClInclude>
    <ClInclude Include="..\vendor\imgui\imstb_rectpack.h">
      <Filter>vendor\imgui</Filter>
    </ClInclude>
    <ClInclude Include="..\vendor\imgui\imstb_textedit.h">
      <Filter>vendor\imgui</Filter>
    </ClInclude>
    <ClInclude Include="..\vendor\imgui\imstb_truetype.h">
      <Filter>vendor\imgui</Filter>
    </ClInclude>
    <ClInclude Include="..\vendor\stb\stb_image.h">
      <Filter>vendor\stb</Filter>
    </ClInclude>
    <ClInclude Include="src\AssimpLoader.h">
      <Filter>src</Filter>
    </ClInclude>
    <ClInclude Include="src\Core.h">
      <Filter>src</Filter>
    </ClInclude>
    <ClInclude Include="src\Engine.h">
      <Filter>src</Filter>
    </ClInclude>
    <ClInclude Include="src\EngineInfo.h">
      <Filter>src</Filter>
    </ClInclude>
    <ClInclude Include="src\ImGUIHelper.h">
      <Filter>src</Filter>
    </ClInclude>
    <ClInclude Include="src\MeshCache.h">
      <Filter>src</Filter>
    </ClInclude>
    <ClInclude Include="src\ShaderLoader.h">
      <Filter>src</Filter>
    </ClInclude>
    <ClInclude Include="src\systems\ManipulatorSystem.h">
      <Filter>src\systems</Filter>
    </ClInclude>
    <ClInclude Include="src\systems\MaterialSystem.h">
      <Filter>src\systems</Filter>
    </ClInclude>
    <ClInclude Include="src\systems\RenderSystem.h">
      <Filter>src\systems</Filter>
    </ClInclude>
    <ClInclude Include="src\systems\SpinSystem.h">
      <Filter>src\systems</Filter>
    </ClInclude>
    <ClInclude Include="src\systems\TransformSystem.h">
      <Filter>src\systems</Filter>
    </ClInclude>
  </ItemGroup>
  <ItemGroup>
    <ClCompile Include="..\vendor\flecs\flecs.c">
      <Filter>vendor\flecs</Filter>
    </ClCompile>
    <ClCompile Include="..\vendor\imgui\backends\imgui_impl_opengl3.cpp">
      <Filter>vendor\imgui\backends</Filter>
    </ClCompile>
    <ClCompile Include="..\vendor\imgui\backends\imgui_impl_sdl2.cpp">
      <Filter>vendor\imgui\backends</Filter>
    </ClCompile>
    <ClCompile Include="..\vendor\imgui\imgui.cpp">
      <Filter>vendor\imgui</Filter>
    </ClCompile>
    <ClCompile Include="..\vendor\imgui\imgui_demo.cpp">
      <Filter>vendor\imgui</Filter>
    </ClCompile>
    <ClCompile Include="..\vendor\imgui\imgui_draw.cpp">
      <Filter>vendor\imgui</Filter>
    </ClCompile>
    <ClCompile Include="..\vendor\imgui\imgui_tables.cpp">
      <Filter>vendor\imgui</Filter>
    </ClCompile>
    <ClCompile Include="..\vendor\imgui\imgui_widgets.cpp">
      <Filter>vendor\imgui</Filter>
    </ClCompile>
    <ClCompile Include="src\AssimpLoader.cpp">
      <Filter>src</Filter>
    </ClCompile>
    <ClCompile Include="src\Engine.cpp">
      <Filter>src</Filter>
    </ClCompile>
    <ClCompile Include="src\EngineInfo.cpp">
      <Filter>src</Filter>
    </ClCompile>
    <ClCompile Include="src\ImGUIHelper.cpp">
      <Filter>src</Filter>
    </ClCompile>
    <ClCompile Include="src\MeshCache.cpp">
      <Filter>src</Filter>
    </ClCompile>
    <ClCompile Include="src\ShaderLoader.cpp">
      <Filter>src</Filter>
    </ClCompile>
    <ClCompile Include="src\systems\ManipulatorSystem.cpp">
      <Filter>src\systems</Filter>
    </ClCompile>
    <ClCompile Include="src\systems\MaterialSystem.cpp">
      <Filter>src\systems</Filter>
    </ClCompile>
    <ClCompile Include="src\systems\RenderSystem.cpp">
      <Filter>src\systems</Filter>
    </ClCompile>
    <ClCompile Include="src\systems\SpinSystem.cpp">
      <Filter>src\systems</Filter>
    </ClCompile>
    <ClCompile Include="src\systems\TransformSystem.cpp">
      <Filter>src\systems</Filter>
    </ClCompile>
    <ClCompile Include="vendor\Glad\glad.c">
      <Filter>vendor\Glad</Filter>
    </ClCompile>
  </ItemGroup>
</Project>